{
  "object": {
    "pins": [
      {
        "package": "Amplitude",
        "repositoryURL": "https://github.com/amplitude/Amplitude-iOS",
        "state": {
          "branch": null,
          "revision": "eaed8f8f4547ca1b6af096fc04153884f945e495",
          "version": "7.0.1"
        }
      },
      {
        "package": "Segment",
        "repositoryURL": "https://github.com/segmentio/analytics-ios",
        "state": {
          "branch": null,
          "revision": "d88d49d1b7bf50bb32ca8645d371802c4d8be564",
          "version": "4.1.2"
        }
      }
    ]
  },
  "version": 1
}
